schema: '2.0'
stages:
  collect:
    cmd: python -m src.collect
    deps:
    - path: src/collect.py
      hash: md5
      md5: 63505af1056e8af87dfcd34fe739f080
      size: 16245
    - path: src/config.py
      hash: md5
      md5: f0d0c5d244fd5654d7dac24f290d7943
      size: 353
    params:
      params.yaml:
        collect:
          version: v2
          site: stackoverflow
          timeout_seconds: 30
          candidates_per_page: 100
          max_pages_per_topic: 2
          versions:
            v1:
              windows:
              - from_date: '2020-01-01'
                to_date: '2023-12-31'
                rows_per_topic: 30
                min_rows_per_topic: 20
            v2:
              windows:
              - from_date: '2020-01-01'
                to_date: '2023-12-31'
                rows_per_topic: 30
                min_rows_per_topic: 20
              - from_date: '2020-01-01'
                to_date: '2023-12-31'
                rows_per_topic: 12
          topics:
            ui-compose:
              tags:
              - android-jetpack-compose
            ui-layout:
              tags:
              - android-layout
            ui-constraintlayout:
              tags:
              - android-constraintlayout
            ui-recyclerview:
              tags:
              - android-recyclerview
            ui-fragments:
              tags:
              - android-fragments
            ui-activity:
              tags:
              - android-activity
            ui-dialog:
              tags:
              - android-alertdialog
            ui-edittext:
              tags:
              - android-edittext
            ui-textview:
              tags:
              - android
              - textview
            ui-imageview:
              tags:
              - android
              - imageview
            ui-toolbar:
              tags:
              - android-toolbar
            ui-spinner:
              tags:
              - android-spinner
            ui-viewpager:
              tags:
              - android-viewpager2
            ui-databinding:
              tags:
              - android-databinding
            ui-appcompat:
              tags:
              - android-appcompat
            navigation:
              tags:
              - android-navigation
            architecture-components:
              tags:
              - android-architecture-components
            lifecycle:
              tags:
              - android-lifecycle
            viewmodel:
              tags:
              - android-viewmodel
            livedata:
              tags:
              - android-livedata
            room:
              tags:
              - android-room
            sqlite:
              tags:
              - android-sqlite
            shared-preferences:
              tags:
              - android
              - sharedpreferences
            workmanager:
              tags:
              - android-workmanager
            services:
              tags:
              - android-service
            broadcast-receiver:
              tags:
              - android
              - broadcastreceiver
            intents:
              tags:
              - android-intent
            notifications:
              tags:
              - android-notifications
            permissions:
              tags:
              - android-permissions
            manifest:
              tags:
              - android-manifest
            gradle-plugin:
              tags:
              - android-gradle-plugin
            gradle-build:
              tags:
              - android
              - build.gradle
            android-studio:
              tags:
              - android-studio
            r8:
              tags:
              - android-r8
            testing:
              tags:
              - android-testing
            emulator:
              tags:
              - android-emulator
            app-bundle:
              tags:
              - android-app-bundle
            apk-packaging:
              tags:
              - android
              - apk
            coroutines:
              tags:
              - android
              - kotlin-coroutines
            flow:
              tags:
              - android
              - kotlin-flow
            retrofit:
              tags:
              - android
              - retrofit
            okhttp:
              tags:
              - android
              - okhttp
            volley:
              tags:
              - android-volley
            firebase-auth:
              tags:
              - android
              - firebase-authentication
            firebase-database:
              tags:
              - android
              - firebase-realtime-database
            firestore:
              tags:
              - android
              - google-cloud-firestore
            firebase-messaging:
              tags:
              - android
              - firebase-cloud-messaging
            camerax:
              tags:
              - android-camerax
            camera2:
              tags:
              - android-camera2
            maps:
              tags:
              - android
              - google-maps
          system_prompts:
          - Ты Android-инженер поддержки. Объясни причину проблемы и предложи 
            минимальное исправление.
          - Ты проводишь code review Android-приложения. Дай технически точное 
            решение и укажи, почему оно работает.
          - Ты наставник по Kotlin и AndroidX. Помоги разработчику исправить 
            проблему, сохраняя практический контекст.
        paths.metrics_collect: metrics/collect.json
        paths.raw: data/raw.jsonl
    outs:
    - path: data/raw.jsonl
      hash: md5
      md5: 7a1095e7877a30275f706015831ad58e
      size: 6134022
    - path: metrics/collect.json
      hash: md5
      md5: f946efc32e7019ef311d7080d5142c5d
      size: 1962
  clean:
    cmd: python -m src.clean
    deps:
    - path: data/raw.jsonl
      hash: md5
      md5: 7a1095e7877a30275f706015831ad58e
      size: 6134022
    - path: src/clean.py
      hash: md5
      md5: f91976443e3b02f7aa9bf5be08230c0a
      size: 4550
    - path: src/config.py
      hash: md5
      md5: f0d0c5d244fd5654d7dac24f290d7943
      size: 353
    - path: src/dedup.py
      hash: md5
      md5: fde80d28430f1612c4cbb7f0fdcc1f4d
      size: 2757
    - path: src/pii.py
      hash: md5
      md5: 54de6f3690578d83cfc17094d2d2aa7a
      size: 2397
    - path: src/schema.py
      hash: md5
      md5: ad834fcb5caa483d3d5d5bfabb433cc0
      size: 3054
    - path: src/stats.py
      hash: md5
      md5: a54925032eff4769647b5775d72dd423
      size: 2222
    - path: src/textnorm.py
      hash: md5
      md5: c7e2f072fe9cc4d2b5af76f5c360c6c0
      size: 1844
    params:
      params.yaml:
        clean:
          min_user_chars: 30
          max_user_chars: 4000
          min_assistant_chars: 2
          near_dup:
            enabled: true
            shingle_words: 4
            num_perm: 64
            threshold: 0.85
          pii:
            enabled: true
        paths.clean: data/clean.jsonl
        paths.metrics_clean: metrics/clean.json
        paths.raw: data/raw.jsonl
    outs:
    - path: data/clean.jsonl
      hash: md5
      md5: cbfbc6d52a99edced560166a2d40b975
      size: 4099206
    - path: metrics/clean.json
      hash: md5
      md5: 13a8cf4dfae563658e43f2ba3d486173
      size: 456
  diversity:
    cmd: python -m src.diversity
    deps:
    - path: data/clean.jsonl
      hash: md5
      md5: cbfbc6d52a99edced560166a2d40b975
      size: 4099206
    - path: src/config.py
      hash: md5
      md5: f0d0c5d244fd5654d7dac24f290d7943
      size: 353
    - path: src/diversity.py
      hash: md5
      md5: 40fa73e87606bca81452a438069215b7
      size: 7661
    - path: src/schema.py
      hash: md5
      md5: ad834fcb5caa483d3d5d5bfabb433cc0
      size: 3054
    - path: src/stats.py
      hash: md5
      md5: a54925032eff4769647b5775d72dd423
      size: 2222
    - path: src/textnorm.py
      hash: md5
      md5: c7e2f072fe9cc4d2b5af76f5c360c6c0
      size: 1844
    params:
      params.yaml:
        diversity:
          min_examples: 1000
          min_system_prompts: 3
          min_groups: 50
          min_group_size: 5
          max_singleton_group_share: 0.1
          max_group_share: 0.1
          min_answer_len_ratio: 1.6
          max_same_length_share: 0.25
          max_duplicate_answer_share: 0.3
        paths.clean: data/clean.jsonl
        paths.metrics_diversity: metrics/diversity.json
        split.group_key: topic
    outs:
    - path: metrics/diversity.json
      hash: md5
      md5: b17e27926fbb3cc859093bfebcf78f3b
      size: 818
  split:
    cmd: python -m src.split
    deps:
    - path: data/clean.jsonl
      hash: md5
      md5: cbfbc6d52a99edced560166a2d40b975
      size: 4099206
    - path: src/config.py
      hash: md5
      md5: f0d0c5d244fd5654d7dac24f290d7943
      size: 353
    - path: src/contamination.py
      hash: md5
      md5: 9293919fc5964067833313514c6f9f2b
      size: 2249
    - path: src/dedup.py
      hash: md5
      md5: fde80d28430f1612c4cbb7f0fdcc1f4d
      size: 2757
    - path: src/schema.py
      hash: md5
      md5: ad834fcb5caa483d3d5d5bfabb433cc0
      size: 3054
    - path: src/split.py
      hash: md5
      md5: 99490a2958c995514e1f7d40f750c7a9
      size: 3839
    - path: src/textnorm.py
      hash: md5
      md5: c7e2f072fe9cc4d2b5af76f5c360c6c0
      size: 1844
    params:
      params.yaml:
        clean.near_dup:
          enabled: true
          shingle_words: 4
          num_perm: 64
          threshold: 0.85
        contamination:
          threshold: 0.85
        paths.clean: data/clean.jsonl
        paths.metrics_split: metrics/split.json
        paths.test: data/test.jsonl
        paths.train: data/train.jsonl
        paths.val: data/val.jsonl
        split:
          group_key: topic
          ratios:
            train: 0.8
            val: 0.1
            test: 0.1
          seed: 42
    outs:
    - path: data/test.jsonl
      hash: md5
      md5: 07ce289a884f42cb5656182676959b4b
      size: 463654
    - path: data/train.jsonl
      hash: md5
      md5: 6c84e755b85dde350ba5189e2b3ec71a
      size: 3225504
    - path: data/val.jsonl
      hash: md5
      md5: 9fce9bb2f770e212db8086e8c50d7ec9
      size: 410048
    - path: metrics/split.json
      hash: md5
      md5: 8cd706927dd7ed300df655d742de5229
      size: 518
