schema: '2.0'
stages:
  collect:
    cmd: python -m src.collect
    deps:
    - path: src/collect.py
      hash: md5
      md5: 375c5fc947d5e95afa80fe171e1fc08a
      size: 10463
    - path: src/config.py
      hash: md5
      md5: f0d0c5d244fd5654d7dac24f290d7943
      size: 353
    params:
      params.yaml:
        collect:
          version: v2
          site: stackoverflow
          n_rows: 1800
          per_tag_rows: 400
          timeout_seconds: 30
          versions:
            v1:
              n_rows: 1800
              from_date: '2020-01-01'
              to_date: '2023-12-31'
              tags:
              - android
              - kotlin
              - jetpack-compose
              - android-studio
              - android-room
              - androidx
            v2:
              n_rows: 2400
              from_date: '2020-01-01'
              to_date: '2025-12-31'
              tags:
              - android
              - kotlin
              - jetpack-compose
              - android-studio
              - android-room
              - androidx
              - kotlin-coroutines
              - android-gradle-plugin
          system_prompts:
          - Ты Android-инженер поддержки. Объясни причину проблемы и предложи 
            минимальное исправление.
          - Ты проводишь code review Android-приложения. Дай технически точное 
            решение и укажи, почему оно работает.
          - Ты наставник по Kotlin и AndroidX. Помоги разработчику исправить 
            проблему, сохраняя практический контекст.
    outs:
    - path: data/raw.jsonl
      hash: md5
      md5: dde7c111c2abbb77ad67eaf3df303c4d
      size: 8079705
  clean:
    cmd: python -m src.clean
    deps:
    - path: data/raw.jsonl
      hash: md5
      md5: dde7c111c2abbb77ad67eaf3df303c4d
      size: 8079705
    - path: src/clean.py
      hash: md5
      md5: f91976443e3b02f7aa9bf5be08230c0a
      size: 4550
    - path: src/config.py
      hash: md5
      md5: f0d0c5d244fd5654d7dac24f290d7943
      size: 353
    - path: src/dedup.py
      hash: md5
      md5: fde80d28430f1612c4cbb7f0fdcc1f4d
      size: 2757
    - path: src/pii.py
      hash: md5
      md5: 54de6f3690578d83cfc17094d2d2aa7a
      size: 2397
    - path: src/schema.py
      hash: md5
      md5: ad834fcb5caa483d3d5d5bfabb433cc0
      size: 3054
    - path: src/stats.py
      hash: md5
      md5: a54925032eff4769647b5775d72dd423
      size: 2222
    - path: src/textnorm.py
      hash: md5
      md5: c7e2f072fe9cc4d2b5af76f5c360c6c0
      size: 1844
    params:
      params.yaml:
        clean:
          min_user_chars: 30
          max_user_chars: 4000
          min_assistant_chars: 2
          near_dup:
            enabled: true
            shingle_words: 4
            num_perm: 64
            threshold: 0.85
          pii:
            enabled: true
        paths.clean: data/clean.jsonl
        paths.metrics_clean: metrics/clean.json
        paths.raw: data/raw.jsonl
    outs:
    - path: data/clean.jsonl
      hash: md5
      md5: 66f663d9ab565f295a31550a10138499
      size: 5251217
    - path: metrics/clean.json
      hash: md5
      md5: cdbc73fdda9e5bb373b46cf1305d8454
      size: 458
  diversity:
    cmd: python -m src.diversity
    deps:
    - path: data/clean.jsonl
      hash: md5
      md5: 66f663d9ab565f295a31550a10138499
      size: 5251217
    - path: src/config.py
      hash: md5
      md5: f0d0c5d244fd5654d7dac24f290d7943
      size: 353
    - path: src/diversity.py
      hash: md5
      md5: 79bdafeeba7100008eaf36e746e6cf00
      size: 6761
    - path: src/schema.py
      hash: md5
      md5: ad834fcb5caa483d3d5d5bfabb433cc0
      size: 3054
    - path: src/stats.py
      hash: md5
      md5: a54925032eff4769647b5775d72dd423
      size: 2222
    - path: src/textnorm.py
      hash: md5
      md5: c7e2f072fe9cc4d2b5af76f5c360c6c0
      size: 1844
    params:
      params.yaml:
        diversity:
          min_examples: 1000
          min_system_prompts: 3
          min_groups: 50
          max_group_share: 0.1
          min_answer_len_ratio: 1.6
          max_same_length_share: 0.25
          max_duplicate_answer_share: 0.3
        paths.clean: data/clean.jsonl
        paths.metrics_diversity: metrics/diversity.json
        split.group_key: topic
    outs:
    - path: metrics/diversity.json
      hash: md5
      md5: 6bbf28067c25e4fea51942a99b47698c
      size: 659
  split:
    cmd: python -m src.split
    deps:
    - path: data/clean.jsonl
      hash: md5
      md5: 66f663d9ab565f295a31550a10138499
      size: 5251217
    - path: src/config.py
      hash: md5
      md5: f0d0c5d244fd5654d7dac24f290d7943
      size: 353
    - path: src/contamination.py
      hash: md5
      md5: 9293919fc5964067833313514c6f9f2b
      size: 2249
    - path: src/dedup.py
      hash: md5
      md5: fde80d28430f1612c4cbb7f0fdcc1f4d
      size: 2757
    - path: src/schema.py
      hash: md5
      md5: ad834fcb5caa483d3d5d5bfabb433cc0
      size: 3054
    - path: src/split.py
      hash: md5
      md5: 99490a2958c995514e1f7d40f750c7a9
      size: 3839
    - path: src/textnorm.py
      hash: md5
      md5: c7e2f072fe9cc4d2b5af76f5c360c6c0
      size: 1844
    params:
      params.yaml:
        clean.near_dup:
          enabled: true
          shingle_words: 4
          num_perm: 64
          threshold: 0.85
        contamination:
          threshold: 0.85
        paths.clean: data/clean.jsonl
        paths.metrics_split: metrics/split.json
        paths.test: data/test.jsonl
        paths.train: data/train.jsonl
        paths.val: data/val.jsonl
        split:
          group_key: topic
          ratios:
            train: 0.8
            val: 0.1
            test: 0.1
          seed: 42
    outs:
    - path: data/test.jsonl
      hash: md5
      md5: 114c5f4bff881bb66e389ffab4ff1444
      size: 533269
    - path: data/train.jsonl
      hash: md5
      md5: 54f77d62bea1603422f556b49fbc1ee0
      size: 4162672
    - path: data/val.jsonl
      hash: md5
      md5: 11ad39ee531f90685d01984480ce9ec9
      size: 555276
    - path: metrics/split.json
      hash: md5
      md5: e86c653ce5e58c0c76bd9e91e8f349e6
      size: 519
